
Microsoft Visual Studio Solution File, Format Version 12.00
# Visual Studio 2013
VisualStudioVersion = 12.0.31101.0
MinimumVisualStudioVersion = 10.0.40219.1
Project("{2150E333-8FDC-42A3-9474-1A3956D46DE8}") = "Tests", "Tests", "{773F6828-B664-4B10-9E59-86F4A5E98DDC}"
EndProject
Project("{FAE04EC0-301F-11D3-BF4B-00C04F79EFBC}") = "ScanWord.Domain", "ScanWord\ScanWord.Domain\ScanWord.Domain.csproj", "{12D6A9FE-1939-4CF4-B45B-8EBC64FB862F}"
EndProject
Project("{FAE04EC0-301F-11D3-BF4B-00C04F79EFBC}") = "ScanWord.Console.UI", "ScanWord\ScanWord.Console.UI\ScanWord.Console.UI.csproj", "{FB32CF6D-B8CA-45BF-87A4-52A6A6FB3BF3}"
EndProject
Project("{FAE04EC0-301F-11D3-BF4B-00C04F79EFBC}") = "ScanWord.Parser.Tests", "Tests\ScanWord.Parser.Tests\ScanWord.Parser.Tests.csproj", "{BECEEA6A-F18D-4555-B5C7-B814EF717902}"
EndProject
Project("{FAE04EC0-301F-11D3-BF4B-00C04F79EFBC}") = "WatchWord.Web.UI.Tests", "Tests\WatchWord.Web.UI.Tests\WatchWord.Web.UI.Tests.csproj", "{E55850D4-F15F-44C3-93C3-2E599A6D32CB}"
EndProject
Project("{FAE04EC0-301F-11D3-BF4B-00C04F79EFBC}") = "ScanWord.Data.Sql", "ScanWord\ScanWord.Data.Sql\ScanWord.Data.Sql.csproj", "{D393ABE3-885B-4D59-9F0C-956BF780FF58}"
EndProject
Project("{FAE04EC0-301F-11D3-BF4B-00C04F79EFBC}") = "ScanWord.Infrastructure", "ScanWord\ScanWord.Infrastructure\ScanWord.Infrastructure.csproj", "{A7736679-D6C7-487E-A309-ADA4D8582136}"
EndProject
Project("{FAE04EC0-301F-11D3-BF4B-00C04F79EFBC}") = "ScanWord.Service", "ScanWord\ScanWord.Service\ScanWord.Service.csproj", "{8883B5FF-41A3-4189-B085-3A51606D437D}"
EndProject
Project("{FAE04EC0-301F-11D3-BF4B-00C04F79EFBC}") = "WatchWord.Data.Sql", "WatchWord\WatchWord.Data.Sql\WatchWord.Data.Sql.csproj", "{2BD81371-F8AA-4BE2-9F45-4637B1DB338B}"
EndProject
Project("{FAE04EC0-301F-11D3-BF4B-00C04F79EFBC}") = "WatchWord.Infrastructure", "WatchWord\WatchWord.Infrastructure\WatchWord.Infrastructure.csproj", "{64453426-9637-42A6-994E-B1DC84737BF2}"
EndProject
Project("{FAE04EC0-301F-11D3-BF4B-00C04F79EFBC}") = "WatchWord.Domain", "WatchWord\WatchWord.Domain\WatchWord.Domain.csproj", "{EF7F56E6-B826-427D-8A47-FF02F3D08097}"
EndProject
Project("{FAE04EC0-301F-11D3-BF4B-00C04F79EFBC}") = "WatchWord.Web.UI", "WatchWord\WatchWord.Web.UI\WatchWord.Web.UI.csproj", "{3BDB5942-0031-4E7C-8D62-BB66CBE4F55C}"
EndProject
Project("{FAE04EC0-301F-11D3-BF4B-00C04F79EFBC}") = "WatchWord.Service", "WatchWord\WatchWord.Service\WatchWord.Service.csproj", "{5873FAE6-3795-4DBD-B656-5B128EFC78BE}"
EndProject
Project("{2150E333-8FDC-42A3-9474-1A3956D46DE8}") = "ScanWord", "ScanWord", "{E4418342-37D2-46AE-B72B-385D367F6590}"
EndProject
Project("{2150E333-8FDC-42A3-9474-1A3956D46DE8}") = "WatchWord", "WatchWord", "{3228930E-18B8-456C-9A0D-047C64234355}"
EndProject
Global
	GlobalSection(SolutionConfigurationPlatforms) = preSolution
		Debug|Any CPU = Debug|Any CPU
		Release|Any CPU = Release|Any CPU
	EndGlobalSection
	GlobalSection(ProjectConfigurationPlatforms) = postSolution
		{12D6A9FE-1939-4CF4-B45B-8EBC64FB862F}.Debug|Any CPU.ActiveCfg = Debug|Any CPU
		{12D6A9FE-1939-4CF4-B45B-8EBC64FB862F}.Debug|Any CPU.Build.0 = Debug|Any CPU
		{12D6A9FE-1939-4CF4-B45B-8EBC64FB862F}.Release|Any CPU.ActiveCfg = Release|Any CPU
		{12D6A9FE-1939-4CF4-B45B-8EBC64FB862F}.Release|Any CPU.Build.0 = Release|Any CPU
		{FB32CF6D-B8CA-45BF-87A4-52A6A6FB3BF3}.Debug|Any CPU.ActiveCfg = Debug|Any CPU
		{FB32CF6D-B8CA-45BF-87A4-52A6A6FB3BF3}.Debug|Any CPU.Build.0 = Debug|Any CPU
		{FB32CF6D-B8CA-45BF-87A4-52A6A6FB3BF3}.Release|Any CPU.ActiveCfg = Release|Any CPU
		{FB32CF6D-B8CA-45BF-87A4-52A6A6FB3BF3}.Release|Any CPU.Build.0 = Release|Any CPU
		{BECEEA6A-F18D-4555-B5C7-B814EF717902}.Debug|Any CPU.ActiveCfg = Debug|Any CPU
		{BECEEA6A-F18D-4555-B5C7-B814EF717902}.Debug|Any CPU.Build.0 = Debug|Any CPU
		{BECEEA6A-F18D-4555-B5C7-B814EF717902}.Release|Any CPU.ActiveCfg = Release|Any CPU
		{BECEEA6A-F18D-4555-B5C7-B814EF717902}.Release|Any CPU.Build.0 = Release|Any CPU
		{E55850D4-F15F-44C3-93C3-2E599A6D32CB}.Debug|Any CPU.ActiveCfg = Debug|Any CPU
		{E55850D4-F15F-44C3-93C3-2E599A6D32CB}.Debug|Any CPU.Build.0 = Debug|Any CPU
		{E55850D4-F15F-44C3-93C3-2E599A6D32CB}.Release|Any CPU.ActiveCfg = Release|Any CPU
		{E55850D4-F15F-44C3-93C3-2E599A6D32CB}.Release|Any CPU.Build.0 = Release|Any CPU
		{D393ABE3-885B-4D59-9F0C-956BF780FF58}.Debug|Any CPU.ActiveCfg = Debug|Any CPU
		{D393ABE3-885B-4D59-9F0C-956BF780FF58}.Debug|Any CPU.Build.0 = Debug|Any CPU
		{D393ABE3-885B-4D59-9F0C-956BF780FF58}.Release|Any CPU.ActiveCfg = Release|Any CPU
		{D393ABE3-885B-4D59-9F0C-956BF780FF58}.Release|Any CPU.Build.0 = Release|Any CPU
		{A7736679-D6C7-487E-A309-ADA4D8582136}.Debug|Any CPU.ActiveCfg = Debug|Any CPU
		{A7736679-D6C7-487E-A309-ADA4D8582136}.Debug|Any CPU.Build.0 = Debug|Any CPU
		{A7736679-D6C7-487E-A309-ADA4D8582136}.Release|Any CPU.ActiveCfg = Release|Any CPU
		{A7736679-D6C7-487E-A309-ADA4D8582136}.Release|Any CPU.Build.0 = Release|Any CPU
		{8883B5FF-41A3-4189-B085-3A51606D437D}.Debug|Any CPU.ActiveCfg = Debug|Any CPU
		{8883B5FF-41A3-4189-B085-3A51606D437D}.Debug|Any CPU.Build.0 = Debug|Any CPU
		{8883B5FF-41A3-4189-B085-3A51606D437D}.Release|Any CPU.ActiveCfg = Release|Any CPU
		{8883B5FF-41A3-4189-B085-3A51606D437D}.Release|Any CPU.Build.0 = Release|Any CPU
		{2BD81371-F8AA-4BE2-9F45-4637B1DB338B}.Debug|Any CPU.ActiveCfg = Debug|Any CPU
		{2BD81371-F8AA-4BE2-9F45-4637B1DB338B}.Debug|Any CPU.Build.0 = Debug|Any CPU
		{2BD81371-F8AA-4BE2-9F45-4637B1DB338B}.Release|Any CPU.ActiveCfg = Release|Any CPU
		{2BD81371-F8AA-4BE2-9F45-4637B1DB338B}.Release|Any CPU.Build.0 = Release|Any CPU
		{64453426-9637-42A6-994E-B1DC84737BF2}.Debug|Any CPU.ActiveCfg = Debug|Any CPU
		{64453426-9637-42A6-994E-B1DC84737BF2}.Debug|Any CPU.Build.0 = Debug|Any CPU
		{64453426-9637-42A6-994E-B1DC84737BF2}.Release|Any CPU.ActiveCfg = Release|Any CPU
		{64453426-9637-42A6-994E-B1DC84737BF2}.Release|Any CPU.Build.0 = Release|Any CPU
		{EF7F56E6-B826-427D-8A47-FF02F3D08097}.Debug|Any CPU.ActiveCfg = Debug|Any CPU
		{EF7F56E6-B826-427D-8A47-FF02F3D08097}.Debug|Any CPU.Build.0 = Debug|Any CPU
		{EF7F56E6-B826-427D-8A47-FF02F3D08097}.Release|Any CPU.ActiveCfg = Release|Any CPU
		{EF7F56E6-B826-427D-8A47-FF02F3D08097}.Release|Any CPU.Build.0 = Release|Any CPU
		{3BDB5942-0031-4E7C-8D62-BB66CBE4F55C}.Debug|Any CPU.ActiveCfg = Debug|Any CPU
		{3BDB5942-0031-4E7C-8D62-BB66CBE4F55C}.Debug|Any CPU.Build.0 = Debug|Any CPU
		{3BDB5942-0031-4E7C-8D62-BB66CBE4F55C}.Release|Any CPU.ActiveCfg = Release|Any CPU
		{3BDB5942-0031-4E7C-8D62-BB66CBE4F55C}.Release|Any CPU.Build.0 = Release|Any CPU
		{5873FAE6-3795-4DBD-B656-5B128EFC78BE}.Debug|Any CPU.ActiveCfg = Debug|Any CPU
		{5873FAE6-3795-4DBD-B656-5B128EFC78BE}.Debug|Any CPU.Build.0 = Debug|Any CPU
		{5873FAE6-3795-4DBD-B656-5B128EFC78BE}.Release|Any CPU.ActiveCfg = Release|Any CPU
		{5873FAE6-3795-4DBD-B656-5B128EFC78BE}.Release|Any CPU.Build.0 = Release|Any CPU
	EndGlobalSection
	GlobalSection(SolutionProperties) = preSolution
		HideSolutionNode = FALSE
	EndGlobalSection
	GlobalSection(NestedProjects) = preSolution
		{12D6A9FE-1939-4CF4-B45B-8EBC64FB862F} = {E4418342-37D2-46AE-B72B-385D367F6590}
		{FB32CF6D-B8CA-45BF-87A4-52A6A6FB3BF3} = {E4418342-37D2-46AE-B72B-385D367F6590}
		{BECEEA6A-F18D-4555-B5C7-B814EF717902} = {773F6828-B664-4B10-9E59-86F4A5E98DDC}
		{E55850D4-F15F-44C3-93C3-2E599A6D32CB} = {773F6828-B664-4B10-9E59-86F4A5E98DDC}
		{D393ABE3-885B-4D59-9F0C-956BF780FF58} = {E4418342-37D2-46AE-B72B-385D367F6590}
		{A7736679-D6C7-487E-A309-ADA4D8582136} = {E4418342-37D2-46AE-B72B-385D367F6590}
		{8883B5FF-41A3-4189-B085-3A51606D437D} = {E4418342-37D2-46AE-B72B-385D367F6590}
		{2BD81371-F8AA-4BE2-9F45-4637B1DB338B} = {3228930E-18B8-456C-9A0D-047C64234355}
		{64453426-9637-42A6-994E-B1DC84737BF2} = {3228930E-18B8-456C-9A0D-047C64234355}
		{EF7F56E6-B826-427D-8A47-FF02F3D08097} = {3228930E-18B8-456C-9A0D-047C64234355}
		{3BDB5942-0031-4E7C-8D62-BB66CBE4F55C} = {3228930E-18B8-456C-9A0D-047C64234355}
		{5873FAE6-3795-4DBD-B656-5B128EFC78BE} = {3228930E-18B8-456C-9A0D-047C64234355}
	EndGlobalSection
EndGlobal
